// !$*UTF8*$!
{
	archiveVersion = 1;
	classes = {
	};
	objectVersion = 50;
	objects = {

/* Begin PBXBuildFile section */
		F75B0DF8265E87C1003C64E2 /* AppDelegate.m in Sources */ = {isa = PBXBuildFile; fileRef = F75B0DF7265E87C1003C64E2 /* AppDelegate.m */; };
		F75B0DFB265E87C1003C64E2 /* SceneDelegate.m in Sources */ = {isa = PBXBuildFile; fileRef = F75B0DFA265E87C1003C64E2 /* SceneDelegate.m */; };
		F75B0DFE265E87C1003C64E2 /* ViewController.m in Sources */ = {isa = PBXBuildFile; fileRef = F75B0DFD265E87C1003C64E2 /* ViewController.m */; };
		F75B0E01265E87C1003C64E2 /* Main.storyboard in Resources */ = {isa = PBXBuildFile; fileRef = F75B0DFF265E87C1003C64E2 /* Main.storyboard */; };
		F75B0E03265E87C2003C64E2 /* Assets.xcassets in Resources */ = {isa = PBXBuildFile; fileRef = F75B0E02265E87C2003C64E2 /* Assets.xcassets */; };
		F75B0E06265E87C2003C64E2 /* LaunchScreen.storyboard in Resources */ = {isa = PBXBuildFile; fileRef = F75B0E04265E87C2003C64E2 /* LaunchScreen.storyboard */; };
		F75B0E09265E87C2003C64E2 /* main.m in Sources */ = {isa = PBXBuildFile; fileRef = F75B0E08265E87C2003C64E2 /* main.m */; };
/* End PBXBuildFile section */

/* Begin PBXFileReference section */
		F75B0DF3265E87C1003C64E2 /* ToDoObjC.app */ = {isa = PBXFileReference; explicitFileType = wrapper.application; includeInIndex = 0; path = ToDoObjC.app; sourceTree = BUILT_PRODUCTS_DIR; };
		F75B0DF6265E87C1003C64E2 /* AppDelegate.h */ = {isa = PBXFileReference; lastKnownFileType = sourcecode.c.h; path = AppDelegate.h; sourceTree = "<group>"; };
		F75B0DF7265E87C1003C64E2 /* AppDelegate.m */ = {isa = PBXFileReference; lastKnownFileType = sourcecode.c.objc; path = AppDelegate.m; sourceTree = "<group>"; };
		F75B0DF9265E87C1003C64E2 /* SceneDelegate.h */ = {isa = PBXFileReference; lastKnownFileType = sourcecode.c.h; path = SceneDelegate.h; sourceTree = "<group>"; };
		F75B0DFA265E87C1003C64E2 /* SceneDelegate.m */ = {isa = PBXFileReference; lastKnownFileType = sourcecode.c.objc; path = SceneDelegate.m; sourceTree = "<group>"; };
		F75B0DFC265E87C1003C64E2 /* ViewController.h */ = {isa = PBXFileReference; lastKnownFileType = sourcecode.c.h; path = ViewController.h; sourceTree = "<group>"; };
		F75B0DFD265E87C1003C64E2 /* ViewController.m */ = {isa = PBXFileReference; lastKnownFileType = sourcecode.c.objc; path = ViewController.m; sourceTree = "<group>"; };
		F75B0E00265E87C1003C64E2 /* Base */ = {isa = PBXFileReference; lastKnownFileType = file.storyboard; name = Base; path = Base.lproj/Main.storyboard; sourceTree = "<group>"; };
		F75B0E02265E87C2003C64E2 /* Assets.xcassets */ = {isa = PBXFileReference; lastKnownFileType = folder.assetcatalog; path = Assets.xcassets; sourceTree = "<group>"; };
		F75B0E05265E87C2003C64E2 /* Base */ = {isa = PBXFileReference; lastKnownFileType = file.storyboard; name = Base; path = Base.lproj/LaunchScreen.storyboard; sourceTree = "<group>"; };
		F75B0E07265E87C2003C64E2 /* Info.plist */ = {isa = PBXFileReference; lastKnownFileType = text.plist.xml; path = Info.plist; sourceTree = "<group>"; };
		F75B0E08265E87C2003C64E2 /* main.m */ = {isa = PBXFileReference; lastKnownFileType = sourcecode.c.objc; path = main.m; sourceTree = "<group>"; };
/* End PBXFileReference section */

/* Begin PBXFrameworksBuildPhase section */
		F75B0DF0265E87C1003C64E2 /* Frameworks */ = {
			isa = PBXFrameworksBuildPhase;
			buildActionMask = 2147483647;
			files = (
			);
			runOnlyForDeploymentPostprocessing = 0;
		};
/* End PBXFrameworksBuildPhase section */

/* Begin PBXGroup section */
		F75B0DEA265E87C1003C64E2 = {
			isa = PBXGroup;
			children = (
				F75B0DF5265E87C1003C64E2 /* ToDoObjC */,
				F75B0DF4265E87C1003C64E2 /* Products */,
			);
			sourceTree = "<group>";
		};
		F75B0DF4265E87C1003C64E2 /* Products */ = {
			isa = PBXGroup;
			children = (
				F75B0DF3265E87C1003C64E2 /* ToDoObjC.app */,
			);
			name = Products;
			sourceTree = "<group>";
		};
		F75B0DF5265E87C1003C64E2 /* ToDoObjC */ = {
			isa = PBXGroup;
			children = (
				F75B0DF6265E87C1003C64E2 /* AppDelegate.h */,
				F75B0DF7265E87C1003C64E2 /* AppDelegate.m */,
				F75B0DF9265E87C1003C64E2 /* SceneDelegate.h */,
				F75B0DFA265E87C1003C64E2 /* SceneDelegate.m */,
				F75B0DFC265E87C1003C64E2 /* ViewController.h */,
				F75B0DFD265E87C1003C64E2 /* ViewController.m */,
				F75B0DFF265E87C1003C64E2 /* Main.storyboard */,
				F75B0E02265E87C2003C64E2 /* Assets.xcassets */,
				F75B0E04265E87C2003C64E2 /* LaunchScreen.storyboard */,
				F75B0E07265E87C2003C64E2 /* Info.plist */,
				F75B0E08265E87C2003C64E2 /* main.m */,
			);
			path = ToDoObjC;
			sourceTree = "<group>";
		};
/* End PBXGroup section */

/* Begin PBXNativeTarget section */
		F75B0DF2265E87C1003C64E2 /* ToDoObjC */ = {
			isa = PBXNativeTarget;
			buildConfigurationList = F75B0E0C265E87C2003C64E2 /* Build configuration list for PBXNativeTarget "ToDoObjC" */;
			buildPhases = (
				F75B0DEF265E87C1003C64E2 /* Sources */,
				F75B0DF0265E87C1003C64E2 /* Frameworks */,
				F75B0DF1265E87C1003C64E2 /* Resources */,
			);
			buildRules = (
			);
			dependencies = (
			);
			name = ToDoObjC;
			productName = ToDoObjC;
			productReference = F75B0DF3265E87C1003C64E2 /* ToDoObjC.app */;
			productType = "com.apple.product-type.application";
		};
/* End PBXNativeTarget section */

/* Begin PBXProject section */
		F75B0DEB265E87C1003C64E2 /* Project object */ = {
			isa = PBXProject;
			attributes = {
				LastUpgradeCheck = 1250;
				TargetAttributes = {
					F75B0DF2265E87C1003C64E2 = {
						CreatedOnToolsVersion = 12.5;
					};
				};
			};
			buildConfigurationList = F75B0DEE265E87C1003C64E2 /* Build configuration list for PBXProject "ToDoObjC" */;
			compatibilityVersion = "Xcode 9.3";
			developmentRegion = en;
			hasScannedForEncodings = 0;
			knownRegions = (
				en,
				Base,
			);
			mainGroup = F75B0DEA265E87C1003C64E2;
			productRefGroup = F75B0DF4265E87C1003C64E2 /* Products */;
			projectDirPath = "";
			projectRoot = "";
			targets = (
				F75B0DF2265E87C1003C64E2 /* ToDoObjC */,
			);
		};
/* End PBXProject section */

/* Begin PBXResourcesBuildPhase section */
		F75B0DF1265E87C1003C64E2 /* Resources */ = {
			isa = PBXResourcesBuildPhase;
			buildActionMask = 2147483647;
			files = (
				F75B0E06265E87C2003C64E2 /* LaunchScreen.storyboard in Resources */,
				F75B0E03265E87C2003C64E2 /* Assets.xcassets in Resources */,
				F75B0E01265E87C1003C64E2 /* Main.storyboard in Resources */,
			);
			runOnlyForDeploymentPostprocessing = 0;
		};
/* End PBXResourcesBuildPhase section */

/* Begin PBXSourcesBuildPhase section */
		F75B0DEF265E87C1003C64E2 /* Sources */ = {
			isa = PBXSourcesBuildPhase;
			buildActionMask = 2147483647;
			files = (
				F75B0DFE265E87C1003C64E2 /* ViewController.m in Sources */,
				F75B0DF8265E87C1003C64E2 /* AppDelegate.m in Sources */,
				F75B0E09265E87C2003C64E2 /* main.m in Sources */,
				F75B0DFB265E87C1003C64E2 /* SceneDelegate.m in Sources */,
			);
			runOnlyForDeploymentPostprocessing = 0;
		};
/* End PBXSourcesBuildPhase section */

/* Begin PBXVariantGroup section */
		F75B0DFF265E87C1003C64E2 /* Main.storyboard */ = {
			isa = PBXVariantGroup;
			children = (
				F75B0E00265E87C1003C64E2 /* Base */,
			);
			name = Main.storyboard;
			sourceTree = "<group>";
		};
		F75B0E04265E87C2003C64E2 /* LaunchScreen.storyboard */ = {
			isa = PBXVariantGroup;
			children = (
				F75B0E05265E87C2003C64E2 /* Base */,
			);
			name = LaunchScreen.storyboard;
			sourceTree = "<group>";
		};
/* End PBXVariantGroup section */

/* Begin XCBuildConfiguration section */
		F75B0E0A265E87C2003C64E2 /* Debug */ = {
			isa = XCBuildConfiguration;
			buildSettings = {
				ALWAYS_SEARCH_USER_PATHS = NO;
				CLANG_ANALYZER_NONNULL = YES;
				CLANG_ANALYZER_NUMBER_OBJECT_CONVERSION = YES_AGGRESSIVE;
				CLANG_CXX_LANGUAGE_STANDARD = "gnu++14";
				CLANG_CXX_LIBRARY = "libc++";
				CLANG_ENABLE_MODULES = YES;
				CLANG_ENABLE_OBJC_ARC = YES;
				CLANG_ENABLE_OBJC_WEAK = YES;
				CLANG_WARN_BLOCK_CAPTURE_AUTORELEASING = YES;
				CLANG_WARN_BOOL_CONVERSION = YES;
				CLANG_WARN_COMMA = YES;
				CLANG_WARN_CONSTANT_CONVERSION = YES;
				CLANG_WARN_DEPRECATED_OBJC_IMPLEMENTATIONS = YES;
				CLANG_WARN_DIRECT_OBJC_ISA_USAGE = YES_ERROR;
				CLANG_WARN_DOCUMENTATION_COMMENTS = YES;
				CLANG_WARN_EMPTY_BODY = YES;
				CLANG_WARN_ENUM_CONVERSION = YES;
				CLANG_WARN_INFINITE_RECURSION = YES;
				CLANG_WARN_INT_CONVERSION = YES;
				CLANG_WARN_NON_LITERAL_NULL_CONVERSION = YES;
				CLANG_WARN_OBJC_IMPLICIT_RETAIN_SELF = YES;
				CLANG_WARN_OBJC_LITERAL_CONVERSION = YES;
				CLANG_WARN_OBJC_ROOT_CLASS = YES_ERROR;
				CLANG_WARN_QUOTED_INCLUDE_IN_FRAMEWORK_HEADER = YES;
				CLANG_WARN_RANGE_LOOP_ANALYSIS = YES;
				CLANG_WARN_STRICT_PROTOTYPES = YES;
				CLANG_WARN_SUSPICIOUS_MOVE = YES;
				CLANG_WARN_UNGUARDED_AVAILABILITY = YES_AGGRESSIVE;
				CLANG_WARN_UNREACHABLE_CODE = YES;
				CLANG_WARN__DUPLICATE_METHOD_MATCH = YES;
				COPY_PHASE_STRIP = NO;
				DEBUG_INFORMATION_FORMAT = dwarf;
				ENABLE_STRICT_OBJC_MSGSEND = YES;
				ENABLE_TESTABILITY = YES;
				GCC_C_LANGUAGE_STANDARD = gnu11;
				GCC_DYNAMIC_NO_PIC = NO;
				GCC_NO_COMMON_BLOCKS = YES;
				GCC_OPTIMIZATION_LEVEL = 0;
				GCC_PREPROCESSOR_DEFINITIONS = (
					"DEBUG=1",
					"$(inherited)",
				);
				GCC_WARN_64_TO_32_BIT_CONVERSION = YES;
				GCC_WARN_ABOUT_RETURN_TYPE = YES_ERROR;
				GCC_WARN_UNDECLARED_SELECTOR = YES;
				GCC_WARN_UNINITIALIZED_AUTOS = YES_AGGRESSIVE;
				GCC_WARN_UNUSED_FUNCTION = YES;
				GCC_WARN_UNUSED_VARIABLE = YES;
				IPHONEOS_DEPLOYMENT_TARGET = 14.5;
				MTL_ENABLE_DEBUG_INFO = INCLUDE_SOURCE;
				MTL_FAST_MATH = YES;
				ONLY_ACTIVE_ARCH = YES;
				SDKROOT = iphoneos;
			};
			name = Debug;
		};
		F75B0E0B265E87C2003C64E2 /* Release */ = {
			isa = XCBuildConfiguration;
			buildSettings = {
				ALWAYS_SEARCH_USER_PATHS = NO;
				CLANG_ANALYZER_NONNULL = YES;
				CLANG_ANALYZER_NUMBER_OBJECT_CONVERSION = YES_AGGRESSIVE;
				CLANG_CXX_LANGUAGE_STANDARD = "gnu++14";
				CLANG_CXX_LIBRARY = "libc++";
				CLANG_ENABLE_MODULES = YES;
				CLANG_ENABLE_OBJC_ARC = YES;
				CLANG_ENABLE_OBJC_WEAK = YES;
				CLANG_WARN_BLOCK_CAPTURE_AUTORELEASING = YES;
				CLANG_WARN_BOOL_CONVERSION = YES;
				CLANG_WARN_COMMA = YES;
				CLANG_WARN_CONSTANT_CONVERSION = YES;
				CLANG_WARN_DEPRECATED_OBJC_IMPLEMENTATIONS = YES;
				CLANG_WARN_DIRECT_OBJC_ISA_USAGE = YES_ERROR;
				CLANG_WARN_DOCUMENTATION_COMMENTS = YES;
				CLANG_WARN_EMPTY_BODY = YES;
				CLANG_WARN_ENUM_CONVERSION = YES;
				CLANG_WARN_INFINITE_RECURSION = YES;
				CLANG_WARN_INT_CONVERSION = YES;
				CLANG_WARN_NON_LITERAL_NULL_CONVERSION = YES;
				CLANG_WARN_OBJC_IMPLICIT_RETAIN_SELF = YES;
				CLANG_WARN_OBJC_LITERAL_CONVERSION = YES;
				CLANG_WARN_OBJC_ROOT_CLASS = YES_ERROR;
				CLANG_WARN_QUOTED_INCLUDE_IN_FRAMEWORK_HEADER = YES;
				CLANG_WARN_RANGE_LOOP_ANALYSIS = YES;
				CLANG_WARN_STRICT_PROTOTYPES = YES;
				CLANG_WARN_SUSPICIOUS_MOVE = YES;
				CLANG_WARN_UNGUARDED_AVAILABILITY = YES_AGGRESSIVE;
				CLANG_WARN_UNREACHABLE_CODE = YES;
				CLANG_WARN__DUPLICATE_METHOD_MATCH = YES;
				COPY_PHASE_STRIP = NO;
				DEBUG_INFORMATION_FORMAT = "dwarf-with-dsym";
				ENABLE_NS_ASSERTIONS = NO;
				ENABLE_STRICT_OBJC_MSGSEND = YES;
				GCC_C_LANGUAGE_STANDARD = gnu11;
				GCC_NO_COMMON_BLOCKS = YES;
				GCC_WARN_64_TO_32_BIT_CONVERSION = YES;
				GCC_WARN_ABOUT_RETURN_TYPE = YES_ERROR;
				GCC_WARN_UNDECLARED_SELECTOR = YES;
				GCC_WARN_UNINITIALIZED_AUTOS = YES_AGGRESSIVE;
				GCC_WARN_UNUSED_FUNCTION = YES;
				GCC_WARN_UNUSED_VARIABLE = YES;
				IPHONEOS_DEPLOYMENT_TARGET = 14.5;
				MTL_ENABLE_DEBUG_INFO = NO;
				MTL_FAST_MATH = YES;
				SDKROOT = iphoneos;
				VALIDATE_PRODUCT = YES;
			};
			name = Release;
		};
		F75B0E0D265E87C2003C64E2 /* Debug */ = {
			isa = XCBuildConfiguration;
			buildSettings = {
				ASSETCATALOG_COMPILER_APPICON_NAME = AppIcon;
				ASSETCATALOG_COMPILER_GLOBAL_ACCENT_COLOR_NAME = AccentColor;
				CODE_SIGN_STYLE = Automatic;
				DEVELOPMENT_TEAM = 3S8AVD2TKW;
				INFOPLIST_FILE = ToDoObjC/Info.plist;
				LD_RUNPATH_SEARCH_PATHS = (
					"$(inherited)",
					"@executable_path/Frameworks",
				);
				PRODUCT_BUNDLE_IDENTIFIER = bopo.ToDoObjC;
				PRODUCT_NAME = "$(TARGET_NAME)";
				TARGETED_DEVICE_FAMILY = "1,2";
			};
			name = Debug;
		};
		F75B0E0E265E87C2003C64E2 /* Release */ = {
			isa = XCBuildConfiguration;
			buildSettings = {
				ASSETCATALOG_COMPILER_APPICON_NAME = AppIcon;
				ASSETCATALOG_COMPILER_GLOBAL_ACCENT_COLOR_NAME = AccentColor;
				CODE_SIGN_STYLE = Automatic;
				DEVELOPMENT_TEAM = 3S8AVD2TKW;
				INFOPLIST_FILE = ToDoObjC/Info.plist;
				LD_RUNPATH_SEARCH_PATHS = (
					"$(inherited)",
					"@executable_path/Frameworks",
				);
				PRODUCT_BUNDLE_IDENTIFIER = bopo.ToDoObjC;
				PRODUCT_NAME = "$(TARGET_NAME)";
				TARGETED_DEVICE_FAMILY = "1,2";
			};
			name = Release;
		};
/* End XCBuildConfiguration section */

/* Begin XCConfigurationList section */
		F75B0DEE265E87C1003C64E2 /* Build configuration list for PBXProject "ToDoObjC" */ = {
			isa = XCConfigurationList;
			buildConfigurations = (
				F75B0E0A265E87C2003C64E2 /* Debug */,
				F75B0E0B265E87C2003C64E2 /* Release */,
			);
			defaultConfigurationIsVisible = 0;
			defaultConfigurationName = Release;
		};
		F75B0E0C265E87C2003C64E2 /* Build configuration list for PBXNativeTarget "ToDoObjC" */ = {
			isa = XCConfigurationList;
			buildConfigurations = (
				F75B0E0D265E87C2003C64E2 /* Debug */,
				F75B0E0E265E87C2003C64E2 /* Release */,
			);
			defaultConfigurationIsVisible = 0;
			defaultConfigurationName = Release;
		};
/* End XCConfigurationList section */
	};
	rootObject = F75B0DEB265E87C1003C64E2 /* Project object */;
}
